github.com/go-test/deep v1.1.0 h1:WOcxcdHcvdgThNXjw0t76K42FXTU7HpNQWHpA2HHNlg=
github.com/go-test/deep v1.1.0/go.mod h1:5C2ZWiW0ErCdrYzpqxLbTX7MG14M9iiw8DgHncVwcsE=
github.com/mongodb-forks/digest v1.0.5 h1:EJu3wtLZcA0HCvsZpX5yuD193/sW9tHiNvrEM5apXMk=
github.com/mongodb-forks/digest v1.0.5/go.mod h1:rb+EX8zotClD5Dj4NdgxnJXG9nwrlx3NWKJ8xttz1Dg=
