github.com/go-test/deep v1.1.0 h1:WOcxcdHcvdgThNXjw0t76K42FXTU7HpNQWHpA2HHNlg=
github.com/go-test/deep v1.1.0/go.mod h1:5C2ZWiW0ErCdrYzpqxLbTX7MG14M9iiw8DgHncVwcsE=
github.com/mongodb-forks/digest v1.0.4 h1:9FrGTc7MGAchgaQBcXBnEwUM/Oo8obW7OGWxnsSvZ64=
github.com/mongodb-forks/digest v1.0.4/go.mod h1:eHRfgovT+dvSFfltrOa27hy1oR/rcwyDdp5H1ZQxEMA=
